
Microsoft Visual Studio Solution File, Format Version 12.00
# Visual Studio Version 17
VisualStudioVersion = 17.11.35222.181
MinimumVisualStudioVersion = 10.0.40219.1
Project("{9A19103F-16F7-4668-BE54-9A1E7A4F7556}") = "InnoVault", "InnoVault.csproj", "{510ED9E1-3520-4BBE-B934-D1D4F6C26A23}"
EndProject
Global
	GlobalSection(SolutionConfigurationPlatforms) = preSolution
		Debug|Any CPU = Debug|Any CPU
		Release|Any CPU = Release|Any CPU
	EndGlobalSection
	GlobalSection(ProjectConfigurationPlatforms) = postSolution
		{510ED9E1-3520-4BBE-B934-D1D4F6C26A23}.Debug|Any CPU.ActiveCfg = Debug|Any CPU
		{510ED9E1-3520-4BBE-B934-D1D4F6C26A23}.Debug|Any CPU.Build.0 = Debug|Any CPU
		{510ED9E1-3520-4BBE-B934-D1D4F6C26A23}.Release|Any CPU.ActiveCfg = Release|Any CPU
		{510ED9E1-3520-4BBE-B934-D1D4F6C26A23}.Release|Any CPU.Build.0 = Release|Any CPU
	EndGlobalSection
	GlobalSection(SolutionProperties) = preSolution
		HideSolutionNode = FALSE
	EndGlobalSection
	GlobalSection(ExtensibilityGlobals) = postSolution
		SolutionGuid = {EDB65EF0-1283-48EB-B723-7467643126C3}
	EndGlobalSection
EndGlobal
